
Microsoft Visual Studio Solution File, Format Version 12.00
# Visual Studio 15
VisualStudioVersion = 15.0.27428.2002
MinimumVisualStudioVersion = 10.0.40219.1
Project("{FAE04EC0-301F-11D3-BF4B-00C04F79EFBC}") = "ECB_WebAPI", "ECB_WebAPI\ECB_WebAPI.csproj", "{FA4C5A61-A151-44D3-BB09-3B860A2A2226}"
EndProject
Global
	GlobalSection(SolutionConfigurationPlatforms) = preSolution
		Debug|Any CPU = Debug|Any CPU
		Release|Any CPU = Release|Any CPU
	EndGlobalSection
	GlobalSection(ProjectConfigurationPlatforms) = postSolution
		{FA4C5A61-A151-44D3-BB09-3B860A2A2226}.Debug|Any CPU.ActiveCfg = Debug|Any CPU
		{FA4C5A61-A151-44D3-BB09-3B860A2A2226}.Debug|Any CPU.Build.0 = Debug|Any CPU
		{FA4C5A61-A151-44D3-BB09-3B860A2A2226}.Release|Any CPU.ActiveCfg = Release|Any CPU
		{FA4C5A61-A151-44D3-BB09-3B860A2A2226}.Release|Any CPU.Build.0 = Release|Any CPU
	EndGlobalSection
	GlobalSection(SolutionProperties) = preSolution
		HideSolutionNode = FALSE
	EndGlobalSection
	GlobalSection(ExtensibilityGlobals) = postSolution
		SolutionGuid = {2E52953B-6773-4D07-8E25-FA2A0B37E447}
	EndGlobalSection
EndGlobal
